
Microsoft Visual Studio Solution File, Format Version 12.00
# Visual Studio Version 17
VisualStudioVersion = 17.7.34031.279
MinimumVisualStudioVersion = 10.0.40219.1
Project("{FAE04EC0-301F-11D3-BF4B-00C04F79EFBC}") = "ei Project r hobe nah", "ei Project r hobe nah\ei Project r hobe nah.csproj", "{7929C661-531B-414A-922D-8EE7061FEED2}"
EndProject
Global
	GlobalSection(SolutionConfigurationPlatforms) = preSolution
		Debug|Any CPU = Debug|Any CPU
		Release|Any CPU = Release|Any CPU
	EndGlobalSection
	GlobalSection(ProjectConfigurationPlatforms) = postSolution
		{7929C661-531B-414A-922D-8EE7061FEED2}.Debug|Any CPU.ActiveCfg = Debug|Any CPU
		{7929C661-531B-414A-922D-8EE7061FEED2}.Debug|Any CPU.Build.0 = Debug|Any CPU
		{7929C661-531B-414A-922D-8EE7061FEED2}.Release|Any CPU.ActiveCfg = Release|Any CPU
		{7929C661-531B-414A-922D-8EE7061FEED2}.Release|Any CPU.Build.0 = Release|Any CPU
	EndGlobalSection
	GlobalSection(SolutionProperties) = preSolution
		HideSolutionNode = FALSE
	EndGlobalSection
	GlobalSection(ExtensibilityGlobals) = postSolution
		SolutionGuid = {F3B83BE1-F635-45A0-A59A-8E0E872077F1}
	EndGlobalSection
EndGlobal
